PODS:
  - Alamofire (4.7.3)
  - Alamofire-Synchronous (4.0.0):
    - Alamofire (~> 4.0)
  - AppChainSwift (0.19.5):
    - BigInt (~> 3.1)
    - CryptoSwift (~> 0.13)
    - PromiseKit (~> 6.5)
    - Result (~> 4.0)
    - secp256k1_swift (~> 1.0.3)
    - SwiftProtobuf (~> 1.2.0)
  - BigInt (3.1.0):
    - SipHash (~> 1.2)
  - CryptoSwift (0.13.0)
  - EFQRCode (4.3.0)
  - IGIdenticon (0.6)
  - IQKeyboardManagerSwift (6.2.0)
  - KeychainSwift (12.0.0)
  - LYEmptyView (1.2.2)
  - PlainPing (0.5)
  - PromiseKit (6.5.2):
    - PromiseKit/CorePromise (= 6.5.2)
    - PromiseKit/Foundation (= 6.5.2)
    - PromiseKit/UIKit (= 6.5.2)
  - PromiseKit/CorePromise (6.5.2)
  - PromiseKit/Foundation (6.5.2):
    - PromiseKit/CorePromise
  - PromiseKit/UIKit (6.5.2):
    - PromiseKit/CorePromise
  - PullToRefresher (3.1)
  - Realm (3.11.0):
    - Realm/Headers (= 3.11.0)
  - Realm/Headers (3.11.0)
  - RealmSwift (3.11.0):
    - Realm (= 3.11.0)
  - Result (4.0.0)
  - RSKPlaceholderTextView (4.0.0)
  - scrypt (2.0):
    - CryptoSwift (~> 0.11)
  - SDWebImage (4.4.2):
    - SDWebImage/Core (= 4.4.2)
  - SDWebImage/Core (4.4.2)
  - secp256k1_swift (1.0.3)
  - SensorsAnalyticsSDK (1.10.15):
    - SensorsAnalyticsSDK/core (= 1.10.15)
  - SensorsAnalyticsSDK/core (1.10.15)
  - SipHash (1.2.2)
  - SwiftProtobuf (1.2.0)
  - SwiftRLP (1.0.1):
    - BigInt (~> 3.1)
  - Toast-Swift (4.0.0)
  - web3swift (1.1.10):
    - BigInt (~> 3.1)
    - CryptoSwift (~> 0.11)
    - PromiseKit (~> 6.3)
    - Result (~> 4.0)
    - scrypt (~> 2.0)
    - secp256k1_swift (~> 1.0.3)
    - SwiftRLP (~> 1.0.1)

DEPENDENCIES:
  - Alamofire
  - Alamofire-Synchronous
  - AppChainSwift (from `https://github.com/cryptape/appchain-swift`, tag `v0.19.5`)
  - EFQRCode
  - IGIdenticon (~> 0.6)
  - IQKeyboardManagerSwift
  - KeychainSwift
  - LYEmptyView
  - PlainPing
  - PullToRefresher (~> 3.1)
  - RealmSwift
  - RSKPlaceholderTextView (~> 4.0.0)
  - SDWebImage
  - SensorsAnalyticsSDK (from `https://github.com/sensorsdata/sa-sdk-ios`, branch `v1.10.15`)
  - Toast-Swift (~> 4.0.0)
  - web3swift (from `https://github.com/matterinc/web3swift`, tag `1.1.10`)

SPEC REPOS:
  https://github.com/cocoapods/specs.git:
    - Alamofire
    - Alamofire-Synchronous
    - BigInt
    - CryptoSwift
    - EFQRCode
    - IGIdenticon
    - IQKeyboardManagerSwift
    - KeychainSwift
    - LYEmptyView
    - PlainPing
    - PromiseKit
    - PullToRefresher
    - Realm
    - RealmSwift
    - Result
    - RSKPlaceholderTextView
    - scrypt
    - SDWebImage
    - secp256k1_swift
    - SipHash
    - SwiftProtobuf
    - SwiftRLP
    - Toast-Swift

EXTERNAL SOURCES:
  AppChainSwift:
    :git: https://github.com/cryptape/appchain-swift
    :tag: v0.19.5
  SensorsAnalyticsSDK:
    :branch: v1.10.15
    :git: https://github.com/sensorsdata/sa-sdk-ios
  web3swift:
    :git: https://github.com/matterinc/web3swift
    :tag: 1.1.10

CHECKOUT OPTIONS:
  AppChainSwift:
    :git: https://github.com/cryptape/appchain-swift
    :tag: v0.19.5
  SensorsAnalyticsSDK:
    :commit: f61088a6cdc661a6e5a3e9f361d624c48b50af01
    :git: https://github.com/sensorsdata/sa-sdk-ios
  web3swift:
    :git: https://github.com/matterinc/web3swift
    :tag: 1.1.10

SPEC CHECKSUMS:
  Alamofire: c7287b6e5d7da964a70935e5db17046b7fde6568
  Alamofire-Synchronous: eedf1e6e961c3795a63c74990b3f7d9fbfac7e50
  AppChainSwift: 0d16d4bc1a7be770ad265eb22254338b66ec96c7
  BigInt: 76b5dfdfa3e2e478d4ffdf161aeede5502e2742f
  CryptoSwift: 16e78bebf567bad1c87b2d58f6547f25b74c31aa
  EFQRCode: 51b67bd10952da9ef619ae0a396abb746b94263f
  IGIdenticon: 5790befde4fe56296927c72c0efed3d07b21de8e
  IQKeyboardManagerSwift: b07ccf9d8cafe993dcd6cb794eb4ba34611a0c4e
  KeychainSwift: d5e776578587ee5958ce36601df22f168f65138a
  LYEmptyView: 12c9db1f3946fa3c812674467ad95b7ae7c93614
  PlainPing: 6b248b94d92be7ec0410952d1b09af43b9a39015
  PromiseKit: 27c1601bfb73405871b805bcb8cf7e55c4dad3db
  PullToRefresher: ec8c1942bd61bb512ff520c49f9f00903cfa86c7
  Realm: 92f09a102692b96a9a10e9617f214f15c5ab85fc
  RealmSwift: 5f0481cd658bb751c509314b964a35eaa264d2cf
  Result: 7645bb3f50c2ce726dd0ff2fa7b6f42bbe6c3713
  RSKPlaceholderTextView: 15f1dc1883e103ea605874b863f19ff6b08496d5
  scrypt: 3fe5b1a3b0976f97cd87488673a8f7c65708cc84
  SDWebImage: 624d6e296c69b244bcede364c72ae0430ac14681
  secp256k1_swift: 4fc5c4b2d2c6d21ee8ccb868cdc92da12f38bed9
  SensorsAnalyticsSDK: 206079ab1b4ecc451e12bc90c315a56c035b2a53
  SipHash: fad90a4683e420c52ef28063063dbbce248ea6d4
  SwiftProtobuf: 91a9856079044ef4ec762b2344c763cd9e5a73c1
  SwiftRLP: 9de2c9512a9a6bf0909cd84cc143a7ff1aff7820
  Toast-Swift: 594b5c5e5129f15438e410207e43287f027b3c00
  web3swift: 843dd5295d2ae755e6f80e9e0bdabe2868a5c7d8

PODFILE CHECKSUM: 1aba4b6dcf4783bae1bd73a0b9d5d04158a41cf7

COCOAPODS: 1.5.3
