PODS:
  - Alamofire (4.7.3)
  - Alamofire-Synchronous (4.0.0):
    - Alamofire (~> 4.0)
  - BigInt (3.1.0):
    - SipHash (~> 1.2)
  - CryptoSwift (0.12.0)
  - EFQRCode (4.3.0)
  - IGIdenticon (0.6)
  - IQKeyboardManagerSwift (6.2.0)
  - KeychainSwift (12.0.0)
  - LYEmptyView (1.2.2)
  - NervosSwift (0.19.0):
    - SwiftProtobuf (~> 1.0.3)
    - web3swift (~> 1.1.10)
  - PlainPing (0.5)
  - PromiseKit (6.5.1):
    - PromiseKit/CorePromise (= 6.5.1)
    - PromiseKit/Foundation (= 6.5.1)
    - PromiseKit/UIKit (= 6.5.1)
  - PromiseKit/CorePromise (6.5.1)
  - PromiseKit/Foundation (6.5.1):
    - PromiseKit/CorePromise
  - PromiseKit/UIKit (6.5.1):
    - PromiseKit/CorePromise
  - PullToRefresher (3.0.2)
  - Realm (3.11.0):
    - Realm/Headers (= 3.11.0)
  - Realm/Headers (3.11.0)
  - RealmSwift (3.11.0):
    - Realm (= 3.11.0)
  - Result (4.0.0)
  - RSKPlaceholderTextView (4.0.0)
  - SCLAlertView (0.8)
  - scrypt (2.0):
    - CryptoSwift (~> 0.11)
  - SDWebImage (4.4.2):
    - SDWebImage/Core (= 4.4.2)
  - SDWebImage/Core (4.4.2)
  - secp256k1_swift (1.0.3)
  - SensorsAnalyticsSDK (1.10.15):
    - SensorsAnalyticsSDK/core (= 1.10.15)
  - SensorsAnalyticsSDK/core (1.10.15)
  - SipHash (1.2.2)
  - SwiftProtobuf (1.0.3)
  - SwiftRLP (1.0.1):
    - BigInt (~> 3.1)
  - Toast-Swift (4.0.0)
  - TrezorCrypto (0.0.8)
  - TrustCore (0.2.2):
    - BigInt
    - TrezorCrypto (~> 0.0.8)
  - TrustKeystore (0.5.2):
    - BigInt
    - CryptoSwift
    - TrezorCrypto
    - TrustCore (~> 0.2.2)
  - web3swift (1.1.10):
    - BigInt (~> 3.1)
    - CryptoSwift (~> 0.11)
    - PromiseKit (~> 6.3)
    - Result (~> 4.0)
    - scrypt (~> 2.0)
    - secp256k1_swift (~> 1.0.3)
    - SwiftRLP (~> 1.0.1)

DEPENDENCIES:
  - Alamofire
  - Alamofire-Synchronous
  - EFQRCode
  - IGIdenticon (~> 0.6)
  - IQKeyboardManagerSwift
  - KeychainSwift
  - LYEmptyView
  - NervosSwift (from `https://github.com/cryptape/nervos-swift`, tag `v0.19.0`)
  - PlainPing
  - PullToRefresher (from `https://github.com/xiaoluSF/PullToRefresh`, branch `swift4.2`)
  - RealmSwift
  - RSKPlaceholderTextView (~> 4.0.0)
  - SCLAlertView
  - SDWebImage
  - SensorsAnalyticsSDK (from `https://github.com/sensorsdata/sa-sdk-ios`, branch `v1.10.15`)
  - Toast-Swift (~> 4.0.0)
  - TrustKeystore (~> 0.5.2)

SPEC REPOS:
  https://github.com/cocoapods/specs.git:
    - Alamofire
    - Alamofire-Synchronous
    - BigInt
    - CryptoSwift
    - EFQRCode
    - IGIdenticon
    - IQKeyboardManagerSwift
    - KeychainSwift
    - LYEmptyView
    - PlainPing
    - PromiseKit
    - Realm
    - RealmSwift
    - Result
    - RSKPlaceholderTextView
    - SCLAlertView
    - scrypt
    - SDWebImage
    - secp256k1_swift
    - SipHash
    - SwiftProtobuf
    - SwiftRLP
    - Toast-Swift
    - TrezorCrypto
    - TrustCore
    - TrustKeystore
    - web3swift

EXTERNAL SOURCES:
  NervosSwift:
    :git: https://github.com/cryptape/nervos-swift
    :tag: v0.19.0
  PullToRefresher:
    :branch: swift4.2
    :git: https://github.com/xiaoluSF/PullToRefresh
  SensorsAnalyticsSDK:
    :branch: v1.10.15
    :git: https://github.com/sensorsdata/sa-sdk-ios

CHECKOUT OPTIONS:
  NervosSwift:
    :git: https://github.com/cryptape/nervos-swift
    :tag: v0.19.0
  PullToRefresher:
    :commit: 949e5b0ba018c7a98c2a625ad0fd4335eafd7436
    :git: https://github.com/xiaoluSF/PullToRefresh
  SensorsAnalyticsSDK:
    :commit: f61088a6cdc661a6e5a3e9f361d624c48b50af01
    :git: https://github.com/sensorsdata/sa-sdk-ios

SPEC CHECKSUMS:
  Alamofire: c7287b6e5d7da964a70935e5db17046b7fde6568
  Alamofire-Synchronous: eedf1e6e961c3795a63c74990b3f7d9fbfac7e50
  BigInt: 76b5dfdfa3e2e478d4ffdf161aeede5502e2742f
  CryptoSwift: 1c07ca50843dd48bc54e6ea53d7a4dba3b645716
  EFQRCode: 51b67bd10952da9ef619ae0a396abb746b94263f
  IGIdenticon: 5790befde4fe56296927c72c0efed3d07b21de8e
  IQKeyboardManagerSwift: b07ccf9d8cafe993dcd6cb794eb4ba34611a0c4e
  KeychainSwift: d5e776578587ee5958ce36601df22f168f65138a
  LYEmptyView: 12c9db1f3946fa3c812674467ad95b7ae7c93614
  NervosSwift: 38321fef1f3bc0e9da032ecc59026d539c28f0df
  PlainPing: 6b248b94d92be7ec0410952d1b09af43b9a39015
  PromiseKit: 162f56c89aae9989ffc14476a5f821af17c3f4ba
  PullToRefresher: 25a367871a70b1da0b28e8e7cecceb4ef04f5f56
  Realm: 92f09a102692b96a9a10e9617f214f15c5ab85fc
  RealmSwift: 5f0481cd658bb751c509314b964a35eaa264d2cf
  Result: 7645bb3f50c2ce726dd0ff2fa7b6f42bbe6c3713
  RSKPlaceholderTextView: 15f1dc1883e103ea605874b863f19ff6b08496d5
  SCLAlertView: 6a77bb2edfc65e04dbe57725546cb4107a506b85
  scrypt: 3fe5b1a3b0976f97cd87488673a8f7c65708cc84
  SDWebImage: 624d6e296c69b244bcede364c72ae0430ac14681
  secp256k1_swift: 4fc5c4b2d2c6d21ee8ccb868cdc92da12f38bed9
  SensorsAnalyticsSDK: 206079ab1b4ecc451e12bc90c315a56c035b2a53
  SipHash: fad90a4683e420c52ef28063063dbbce248ea6d4
  SwiftProtobuf: 5ccc0e4054e37c75800e5744acb2aa80bb72b39c
  SwiftRLP: 9de2c9512a9a6bf0909cd84cc143a7ff1aff7820
  Toast-Swift: 594b5c5e5129f15438e410207e43287f027b3c00
  TrezorCrypto: 938c4b715fff7824a9c891a105e65ee0e4e81662
  TrustCore: fe2a3b842c50fd73af69f1ec4c040b7eefced188
  TrustKeystore: 5945ed4e43cc424e305cbb672800ee2532ee7e70
  web3swift: 843dd5295d2ae755e6f80e9e0bdabe2868a5c7d8

PODFILE CHECKSUM: 9fea7d03fb2a55b6f231ebdb7c007ef0d930a0dd

COCOAPODS: 1.5.3
