PODS:
  - Alamofire (4.8.1)
  - BigInt (3.1.0):
    - SipHash (~> 1.2)
  - BulletinBoard (3.0.0)
  - CITA (0.24.1):
    - BigInt (~> 3.1)
    - CryptoSwift (~> 1.0.0)
    - PromiseKit (~> 6.8.4)
    - secp256k1.swift (~> 0.1.4)
    - SwiftProtobuf (~> 1.2.0)
  - CryptoSwift (1.0.0)
  - EFQRCode (4.5.0):
    - swift_qrcodejs (~> 1.0.1)
  - IQKeyboardManagerSwift (6.2.0)
  - PromiseKit (6.8.4):
    - PromiseKit/CorePromise (= 6.8.4)
    - PromiseKit/Foundation (= 6.8.4)
    - PromiseKit/UIKit (= 6.8.4)
  - PromiseKit/CorePromise (6.8.4)
  - PromiseKit/Foundation (6.8.4):
    - PromiseKit/CorePromise
  - PromiseKit/UIKit (6.8.4):
    - PromiseKit/CorePromise
  - QRCodeReader.swift (9.0.1)
  - Realm (3.13.1):
    - Realm/Headers (= 3.13.1)
  - Realm/Headers (3.13.1)
  - RealmSwift (3.13.1):
    - Realm (= 3.13.1)
  - RSKPlaceholderTextView (4.0.0)
  - SDWebImage (4.4.3):
    - SDWebImage/Core (= 4.4.3)
  - SDWebImage/Core (4.4.3)
  - secp256k1.c (0.1.2)
  - secp256k1.swift (0.1.4)
  - SipHash (1.2.2)
  - Starscream (3.1.0)
  - swift_qrcodejs (1.0.1)
  - SwiftProtobuf (1.2.0)
  - Toast-Swift (4.0.1)
  - web3.swift.pod (2.2.0):
    - BigInt (~> 3.1)
    - CryptoSwift (~> 1.0.0)
    - PromiseKit (~> 6.8.4)
    - secp256k1.c (~> 0.1)
    - Starscream (~> 3.1.0)

DEPENDENCIES:
  - Alamofire
  - BulletinBoard (from `https://github.com/alexaubry/BulletinBoard`, commit `7086607d3476cea29cd77a65d13df5c8ed0da52e`)
  - CITA (from `https://github.com/cryptape/cita-sdk-swift`, tag `v0.24.1`)
  - EFQRCode
  - IQKeyboardManagerSwift
  - QRCodeReader.swift
  - RealmSwift
  - RSKPlaceholderTextView (~> 4.0.0)
  - SDWebImage
  - Toast-Swift (~> 4.0.0)
  - web3.swift.pod (~> 2.2.0)

SPEC REPOS:
  https://github.com/cocoapods/specs.git:
    - Alamofire
    - BigInt
    - CryptoSwift
    - EFQRCode
    - IQKeyboardManagerSwift
    - PromiseKit
    - QRCodeReader.swift
    - Realm
    - RealmSwift
    - RSKPlaceholderTextView
    - SDWebImage
    - secp256k1.c
    - secp256k1.swift
    - SipHash
    - Starscream
    - swift_qrcodejs
    - SwiftProtobuf
    - Toast-Swift
    - web3.swift.pod

EXTERNAL SOURCES:
  BulletinBoard:
    :commit: 7086607d3476cea29cd77a65d13df5c8ed0da52e
    :git: https://github.com/alexaubry/BulletinBoard
  CITA:
    :git: https://github.com/cryptape/cita-sdk-swift
    :tag: v0.24.1

CHECKOUT OPTIONS:
  BulletinBoard:
    :commit: 7086607d3476cea29cd77a65d13df5c8ed0da52e
    :git: https://github.com/alexaubry/BulletinBoard
  CITA:
    :git: https://github.com/cryptape/cita-sdk-swift
    :tag: v0.24.1

SPEC CHECKSUMS:
  Alamofire: 16ce2c353fb72865124ddae8a57c5942388f4f11
  BigInt: 76b5dfdfa3e2e478d4ffdf161aeede5502e2742f
  BulletinBoard: 5f68c1ff9f2305c4ed984dcdf8bfc17cec6199e8
  CITA: 8c95b6a0e678d8603f216e5b59c11bcbffdb8062
  CryptoSwift: d81eeaa59dc5a8d03720fe919a6fd07b51f7439f
  EFQRCode: 842f431e660da841f518993af8f4cbd275601d84
  IQKeyboardManagerSwift: b07ccf9d8cafe993dcd6cb794eb4ba34611a0c4e
  PromiseKit: 51794a832647e7b819336dc2279039ce9f1cc49b
  QRCodeReader.swift: 96292a5612fbc2fd9a0b26f93fa5164c8d02f59d
  Realm: 50071da38fe079e0735e47c9f2eae738c68c5996
  RealmSwift: 8a1e6a02b7a08cd17a31e3115143fb69fe5f3fb9
  RSKPlaceholderTextView: 15f1dc1883e103ea605874b863f19ff6b08496d5
  SDWebImage: c5594f1a19c48d526d321e548902b56b479cd508
  secp256k1.c: db47b726585d80f027423682eb369729e61b3b20
  secp256k1.swift: a7e7a214f6db6ce5db32cc6b2b45e5c4dd633634
  SipHash: fad90a4683e420c52ef28063063dbbce248ea6d4
  Starscream: 08172b481e145289c4930cb567230fb55897cfa4
  swift_qrcodejs: c181fe5c849d30c699546a23762d7e3dd143ab37
  SwiftProtobuf: 91a9856079044ef4ec762b2344c763cd9e5a73c1
  Toast-Swift: e42a638589a2f95036b4bb7626cfbdde7daf0393
  web3.swift.pod: 54e02dfe2807ed2cb04c85575713500e6f440822

PODFILE CHECKSUM: d6d0b7089e91bdea5028763509f7c106084fb380

COCOAPODS: 1.7.1
